
Microsoft Visual Studio Solution File, Format Version 12.00
# Visual Studio Version 17
VisualStudioVersion = 17.5.33530.505
MinimumVisualStudioVersion = 10.0.40219.1
Project("{9A19103F-16F7-4668-BE54-9A1E7A4F7556}") = "Homework_1", "Homework_1\Homework_1.csproj", "{B1072129-DC28-4F14-A57E-57CE10273311}"
EndProject
Project("{9A19103F-16F7-4668-BE54-9A1E7A4F7556}") = "Homework_2", "Homework_2\Homework_2.csproj", "{053FDE1B-8209-4D86-86B7-9EAC8AF5BD09}"
EndProject
Project("{9A19103F-16F7-4668-BE54-9A1E7A4F7556}") = "Homework_3", "Homework_3\Homework_3.csproj", "{7BDEBBBE-FFAD-4F92-A47A-FE6EAE61B19B}"
EndProject
Project("{9A19103F-16F7-4668-BE54-9A1E7A4F7556}") = "Homework_4", "Homework_4\Homework_4.csproj", "{A2901B13-C310-4DF8-852C-13BA22EEF899}"
EndProject
Project("{FAE04EC0-301F-11D3-BF4B-00C04F79EFBC}") = "Homework_5", "Homework_5\Homework_5.csproj", "{2031993F-703E-4D83-BAA2-CD41FAE7FD99}"
EndProject
Global
	GlobalSection(SolutionConfigurationPlatforms) = preSolution
		Debug|Any CPU = Debug|Any CPU
		Release|Any CPU = Release|Any CPU
	EndGlobalSection
	GlobalSection(ProjectConfigurationPlatforms) = postSolution
		{B1072129-DC28-4F14-A57E-57CE10273311}.Debug|Any CPU.ActiveCfg = Debug|Any CPU
		{B1072129-DC28-4F14-A57E-57CE10273311}.Debug|Any CPU.Build.0 = Debug|Any CPU
		{B1072129-DC28-4F14-A57E-57CE10273311}.Release|Any CPU.ActiveCfg = Release|Any CPU
		{B1072129-DC28-4F14-A57E-57CE10273311}.Release|Any CPU.Build.0 = Release|Any CPU
		{053FDE1B-8209-4D86-86B7-9EAC8AF5BD09}.Debug|Any CPU.ActiveCfg = Debug|Any CPU
		{053FDE1B-8209-4D86-86B7-9EAC8AF5BD09}.Debug|Any CPU.Build.0 = Debug|Any CPU
		{053FDE1B-8209-4D86-86B7-9EAC8AF5BD09}.Release|Any CPU.ActiveCfg = Release|Any CPU
		{053FDE1B-8209-4D86-86B7-9EAC8AF5BD09}.Release|Any CPU.Build.0 = Release|Any CPU
		{7BDEBBBE-FFAD-4F92-A47A-FE6EAE61B19B}.Debug|Any CPU.ActiveCfg = Debug|Any CPU
		{7BDEBBBE-FFAD-4F92-A47A-FE6EAE61B19B}.Debug|Any CPU.Build.0 = Debug|Any CPU
		{7BDEBBBE-FFAD-4F92-A47A-FE6EAE61B19B}.Release|Any CPU.ActiveCfg = Release|Any CPU
		{7BDEBBBE-FFAD-4F92-A47A-FE6EAE61B19B}.Release|Any CPU.Build.0 = Release|Any CPU
		{A2901B13-C310-4DF8-852C-13BA22EEF899}.Debug|Any CPU.ActiveCfg = Debug|Any CPU
		{A2901B13-C310-4DF8-852C-13BA22EEF899}.Debug|Any CPU.Build.0 = Debug|Any CPU
		{A2901B13-C310-4DF8-852C-13BA22EEF899}.Release|Any CPU.ActiveCfg = Release|Any CPU
		{A2901B13-C310-4DF8-852C-13BA22EEF899}.Release|Any CPU.Build.0 = Release|Any CPU
		{2031993F-703E-4D83-BAA2-CD41FAE7FD99}.Debug|Any CPU.ActiveCfg = Debug|Any CPU
		{2031993F-703E-4D83-BAA2-CD41FAE7FD99}.Debug|Any CPU.Build.0 = Debug|Any CPU
		{2031993F-703E-4D83-BAA2-CD41FAE7FD99}.Release|Any CPU.ActiveCfg = Release|Any CPU
		{2031993F-703E-4D83-BAA2-CD41FAE7FD99}.Release|Any CPU.Build.0 = Release|Any CPU
	EndGlobalSection
	GlobalSection(SolutionProperties) = preSolution
		HideSolutionNode = FALSE
	EndGlobalSection
	GlobalSection(ExtensibilityGlobals) = postSolution
		SolutionGuid = {FD9DDEA4-1B9E-4804-BCBD-A5DA5C5BE646}
	EndGlobalSection
EndGlobal
